
Microsoft Visual Studio Solution File, Format Version 12.00
# Visual Studio Version 17
VisualStudioVersion = 17.5.33516.290
MinimumVisualStudioVersion = 10.0.40219.1
Project("{9A19103F-16F7-4668-BE54-9A1E7A4F7556}") = "WebApplication6", "WebApplication6\WebApplication6.csproj", "{1C2C5ACD-4754-428A-8579-2FEE6065F374}"
EndProject
Global
	GlobalSection(SolutionConfigurationPlatforms) = preSolution
		Debug|Any CPU = Debug|Any CPU
		Release|Any CPU = Release|Any CPU
	EndGlobalSection
	GlobalSection(ProjectConfigurationPlatforms) = postSolution
		{1C2C5ACD-4754-428A-8579-2FEE6065F374}.Debug|Any CPU.ActiveCfg = Debug|Any CPU
		{1C2C5ACD-4754-428A-8579-2FEE6065F374}.Debug|Any CPU.Build.0 = Debug|Any CPU
		{1C2C5ACD-4754-428A-8579-2FEE6065F374}.Release|Any CPU.ActiveCfg = Release|Any CPU
		{1C2C5ACD-4754-428A-8579-2FEE6065F374}.Release|Any CPU.Build.0 = Release|Any CPU
	EndGlobalSection
	GlobalSection(SolutionProperties) = preSolution
		HideSolutionNode = FALSE
	EndGlobalSection
	GlobalSection(ExtensibilityGlobals) = postSolution
		SolutionGuid = {BCF00139-C34A-4DC7-B69D-643A30460043}
	EndGlobalSection
EndGlobal
